// !$*UTF8*$!
{
	archiveVersion = 1;
	classes = {
	};
	objectVersion = 56;
	objects = {

/* Begin PBXBuildFile section */
		55DEB5592C0407C100B2E8AF /* AppDelegate.swift in Sources */ = {isa = PBXBuildFile; fileRef = 55DEB5582C0407C100B2E8AF /* AppDelegate.swift */; };
		55DEB55B2C0407C100B2E8AF /* SceneDelegate.swift in Sources */ = {isa = PBXBuildFile; fileRef = 55DEB55A2C0407C100B2E8AF /* SceneDelegate.swift */; };
		55DEB5622C0407C200B2E8AF /* Assets.xcassets in Resources */ = {isa = PBXBuildFile; fileRef = 55DEB5612C0407C200B2E8AF /* Assets.xcassets */; };
		55DEB5652C0407C200B2E8AF /* Base in Resources */ = {isa = PBXBuildFile; fileRef = 55DEB5642C0407C200B2E8AF /* Base */; };
		55DEB56D2C041B5B00B2E8AF /* TabA.swift in Sources */ = {isa = PBXBuildFile; fileRef = 55DEB56C2C041B5B00B2E8AF /* TabA.swift */; };
		55DEB56F2C041B6600B2E8AF /* TabB.swift in Sources */ = {isa = PBXBuildFile; fileRef = 55DEB56E2C041B6600B2E8AF /* TabB.swift */; };
		55DEB5772C04B1E900B2E8AF /* SnapKit in Frameworks */ = {isa = PBXBuildFile; productRef = 55DEB5762C04B1E900B2E8AF /* SnapKit */; };
		55DEB5792C04B26B00B2E8AF /* photoPicker.swift in Sources */ = {isa = PBXBuildFile; fileRef = 55DEB5782C04B26A00B2E8AF /* photoPicker.swift */; };
		55DEB57E2C0631A300B2E8AF /* BaseViewController.swift in Sources */ = {isa = PBXBuildFile; fileRef = 55DEB57D2C0631A300B2E8AF /* BaseViewController.swift */; };
		55DEB5802C0956BF00B2E8AF /* TabC.swift in Sources */ = {isa = PBXBuildFile; fileRef = 55DEB57F2C0956BF00B2E8AF /* TabC.swift */; };
		55DEB5822C0956CF00B2E8AF /* CacheManager.swift in Sources */ = {isa = PBXBuildFile; fileRef = 55DEB5812C0956CF00B2E8AF /* CacheManager.swift */; };
/* End PBXBuildFile section */

/* Begin PBXFileReference section */
		55DEB5552C0407C100B2E8AF /* iOS_7th_homework.app */ = {isa = PBXFileReference; explicitFileType = wrapper.application; includeInIndex = 0; path = iOS_7th_homework.app; sourceTree = BUILT_PRODUCTS_DIR; };
		55DEB5582C0407C100B2E8AF /* AppDelegate.swift */ = {isa = PBXFileReference; lastKnownFileType = sourcecode.swift; path = AppDelegate.swift; sourceTree = "<group>"; };
		55DEB55A2C0407C100B2E8AF /* SceneDelegate.swift */ = {isa = PBXFileReference; lastKnownFileType = sourcecode.swift; path = SceneDelegate.swift; sourceTree = "<group>"; };
		55DEB5612C0407C200B2E8AF /* Assets.xcassets */ = {isa = PBXFileReference; lastKnownFileType = folder.assetcatalog; path = Assets.xcassets; sourceTree = "<group>"; };
		55DEB5642C0407C200B2E8AF /* Base */ = {isa = PBXFileReference; lastKnownFileType = file.storyboard; name = Base; path = Base.lproj/LaunchScreen.storyboard; sourceTree = "<group>"; };
		55DEB5662C0407C200B2E8AF /* Info.plist */ = {isa = PBXFileReference; lastKnownFileType = text.plist.xml; path = Info.plist; sourceTree = "<group>"; };
		55DEB56C2C041B5B00B2E8AF /* TabA.swift */ = {isa = PBXFileReference; lastKnownFileType = sourcecode.swift; path = TabA.swift; sourceTree = "<group>"; };
		55DEB56E2C041B6600B2E8AF /* TabB.swift */ = {isa = PBXFileReference; lastKnownFileType = sourcecode.swift; path = TabB.swift; sourceTree = "<group>"; };
		55DEB5782C04B26A00B2E8AF /* photoPicker.swift */ = {isa = PBXFileReference; lastKnownFileType = sourcecode.swift; path = photoPicker.swift; sourceTree = "<group>"; };
		55DEB57D2C0631A300B2E8AF /* BaseViewController.swift */ = {isa = PBXFileReference; lastKnownFileType = sourcecode.swift; path = BaseViewController.swift; sourceTree = "<group>"; };
		55DEB57F2C0956BF00B2E8AF /* TabC.swift */ = {isa = PBXFileReference; lastKnownFileType = sourcecode.swift; path = TabC.swift; sourceTree = "<group>"; };
		55DEB5812C0956CF00B2E8AF /* CacheManager.swift */ = {isa = PBXFileReference; lastKnownFileType = sourcecode.swift; path = CacheManager.swift; sourceTree = "<group>"; };
/* End PBXFileReference section */

/* Begin PBXFrameworksBuildPhase section */
		55DEB5522C0407C100B2E8AF /* Frameworks */ = {
			isa = PBXFrameworksBuildPhase;
			buildActionMask = 2147483647;
			files = (
				55DEB5772C04B1E900B2E8AF /* SnapKit in Frameworks */,
			);
			runOnlyForDeploymentPostprocessing = 0;
		};
/* End PBXFrameworksBuildPhase section */

/* Begin PBXGroup section */
		55DEB54C2C0407C100B2E8AF = {
			isa = PBXGroup;
			children = (
				55DEB5572C0407C100B2E8AF /* iOS_7th_homework */,
				55DEB5562C0407C100B2E8AF /* Products */,
			);
			sourceTree = "<group>";
		};
		55DEB5562C0407C100B2E8AF /* Products */ = {
			isa = PBXGroup;
			children = (
				55DEB5552C0407C100B2E8AF /* iOS_7th_homework.app */,
			);
			name = Products;
			sourceTree = "<group>";
		};
		55DEB5572C0407C100B2E8AF /* iOS_7th_homework */ = {
			isa = PBXGroup;
			children = (
				55DEB57D2C0631A300B2E8AF /* BaseViewController.swift */,
				55DEB5782C04B26A00B2E8AF /* photoPicker.swift */,
				55DEB5812C0956CF00B2E8AF /* CacheManager.swift */,
				55DEB5832C0956D300B2E8AF /* TabGroup */,
				55DEB5582C0407C100B2E8AF /* AppDelegate.swift */,
				55DEB55A2C0407C100B2E8AF /* SceneDelegate.swift */,
				55DEB5612C0407C200B2E8AF /* Assets.xcassets */,
				55DEB5632C0407C200B2E8AF /* LaunchScreen.storyboard */,
				55DEB5662C0407C200B2E8AF /* Info.plist */,
			);
			path = iOS_7th_homework;
			sourceTree = "<group>";
		};
		55DEB5832C0956D300B2E8AF /* TabGroup */ = {
			isa = PBXGroup;
			children = (
				55DEB56C2C041B5B00B2E8AF /* TabA.swift */,
				55DEB56E2C041B6600B2E8AF /* TabB.swift */,
				55DEB57F2C0956BF00B2E8AF /* TabC.swift */,
			);
			path = TabGroup;
			sourceTree = "<group>";
		};
/* End PBXGroup section */

/* Begin PBXNativeTarget section */
		55DEB5542C0407C100B2E8AF /* iOS_7th_homework */ = {
			isa = PBXNativeTarget;
			buildConfigurationList = 55DEB5692C0407C200B2E8AF /* Build configuration list for PBXNativeTarget "iOS_7th_homework" */;
			buildPhases = (
				55DEB5512C0407C100B2E8AF /* Sources */,
				55DEB5522C0407C100B2E8AF /* Frameworks */,
				55DEB5532C0407C100B2E8AF /* Resources */,
			);
			buildRules = (
			);
			dependencies = (
			);
			name = iOS_7th_homework;
			packageProductDependencies = (
				55DEB5762C04B1E900B2E8AF /* SnapKit */,
			);
			productName = iOS_7th_homework;
			productReference = 55DEB5552C0407C100B2E8AF /* iOS_7th_homework.app */;
			productType = "com.apple.product-type.application";
		};
/* End PBXNativeTarget section */

/* Begin PBXProject section */
		55DEB54D2C0407C100B2E8AF /* Project object */ = {
			isa = PBXProject;
			attributes = {
				BuildIndependentTargetsInParallel = 1;
				LastSwiftUpdateCheck = 1540;
				LastUpgradeCheck = 1540;
				TargetAttributes = {
					55DEB5542C0407C100B2E8AF = {
						CreatedOnToolsVersion = 15.4;
					};
				};
			};
			buildConfigurationList = 55DEB5502C0407C100B2E8AF /* Build configuration list for PBXProject "iOS_7th_homework" */;
			compatibilityVersion = "Xcode 14.0";
			developmentRegion = en;
			hasScannedForEncodings = 0;
			knownRegions = (
				en,
				Base,
			);
			mainGroup = 55DEB54C2C0407C100B2E8AF;
			packageReferences = (
				55DEB5752C04B1E900B2E8AF /* XCRemoteSwiftPackageReference "SnapKit" */,
			);
			productRefGroup = 55DEB5562C0407C100B2E8AF /* Products */;
			projectDirPath = "";
			projectRoot = "";
			targets = (
				55DEB5542C0407C100B2E8AF /* iOS_7th_homework */,
			);
		};
/* End PBXProject section */

/* Begin PBXResourcesBuildPhase section */
		55DEB5532C0407C100B2E8AF /* Resources */ = {
			isa = PBXResourcesBuildPhase;
			buildActionMask = 2147483647;
			files = (
				55DEB5622C0407C200B2E8AF /* Assets.xcassets in Resources */,
				55DEB5652C0407C200B2E8AF /* Base in Resources */,
			);
			runOnlyForDeploymentPostprocessing = 0;
		};
/* End PBXResourcesBuildPhase section */

/* Begin PBXSourcesBuildPhase section */
		55DEB5512C0407C100B2E8AF /* Sources */ = {
			isa = PBXSourcesBuildPhase;
			buildActionMask = 2147483647;
			files = (
				55DEB5792C04B26B00B2E8AF /* photoPicker.swift in Sources */,
				55DEB56D2C041B5B00B2E8AF /* TabA.swift in Sources */,
				55DEB5592C0407C100B2E8AF /* AppDelegate.swift in Sources */,
				55DEB56F2C041B6600B2E8AF /* TabB.swift in Sources */,
				55DEB5822C0956CF00B2E8AF /* CacheManager.swift in Sources */,
				55DEB5802C0956BF00B2E8AF /* TabC.swift in Sources */,
				55DEB57E2C0631A300B2E8AF /* BaseViewController.swift in Sources */,
				55DEB55B2C0407C100B2E8AF /* SceneDelegate.swift in Sources */,
			);
			runOnlyForDeploymentPostprocessing = 0;
		};
/* End PBXSourcesBuildPhase section */

/* Begin PBXVariantGroup section */
		55DEB5632C0407C200B2E8AF /* LaunchScreen.storyboard */ = {
			isa = PBXVariantGroup;
			children = (
				55DEB5642C0407C200B2E8AF /* Base */,
			);
			name = LaunchScreen.storyboard;
			sourceTree = "<group>";
		};
/* End PBXVariantGroup section */

/* Begin XCBuildConfiguration section */
		55DEB5672C0407C200B2E8AF /* Debug */ = {
			isa = XCBuildConfiguration;
			buildSettings = {
				ALWAYS_SEARCH_USER_PATHS = NO;
				ASSETCATALOG_COMPILER_GENERATE_SWIFT_ASSET_SYMBOL_EXTENSIONS = YES;
				CLANG_ANALYZER_NONNULL = YES;
				CLANG_ANALYZER_NUMBER_OBJECT_CONVERSION = YES_AGGRESSIVE;
				CLANG_CXX_LANGUAGE_STANDARD = "gnu++20";
				CLANG_ENABLE_MODULES = YES;
				CLANG_ENABLE_OBJC_ARC = YES;
				CLANG_ENABLE_OBJC_WEAK = YES;
				CLANG_WARN_BLOCK_CAPTURE_AUTORELEASING = YES;
				CLANG_WARN_BOOL_CONVERSION = YES;
				CLANG_WARN_COMMA = YES;
				CLANG_WARN_CONSTANT_CONVERSION = YES;
				CLANG_WARN_DEPRECATED_OBJC_IMPLEMENTATIONS = YES;
				CLANG_WARN_DIRECT_OBJC_ISA_USAGE = YES_ERROR;
				CLANG_WARN_DOCUMENTATION_COMMENTS = YES;
				CLANG_WARN_EMPTY_BODY = YES;
				CLANG_WARN_ENUM_CONVERSION = YES;
				CLANG_WARN_INFINITE_RECURSION = YES;
				CLANG_WARN_INT_CONVERSION = YES;
				CLANG_WARN_NON_LITERAL_NULL_CONVERSION = YES;
				CLANG_WARN_OBJC_IMPLICIT_RETAIN_SELF = YES;
				CLANG_WARN_OBJC_LITERAL_CONVERSION = YES;
				CLANG_WARN_OBJC_ROOT_CLASS = YES_ERROR;
				CLANG_WARN_QUOTED_INCLUDE_IN_FRAMEWORK_HEADER = YES;
				CLANG_WARN_RANGE_LOOP_ANALYSIS = YES;
				CLANG_WARN_STRICT_PROTOTYPES = YES;
				CLANG_WARN_SUSPICIOUS_MOVE = YES;
				CLANG_WARN_UNGUARDED_AVAILABILITY = YES_AGGRESSIVE;
				CLANG_WARN_UNREACHABLE_CODE = YES;
				CLANG_WARN__DUPLICATE_METHOD_MATCH = YES;
				COPY_PHASE_STRIP = NO;
				DEBUG_INFORMATION_FORMAT = dwarf;
				ENABLE_STRICT_OBJC_MSGSEND = YES;
				ENABLE_TESTABILITY = YES;
				ENABLE_USER_SCRIPT_SANDBOXING = YES;
				GCC_C_LANGUAGE_STANDARD = gnu17;
				GCC_DYNAMIC_NO_PIC = NO;
				GCC_NO_COMMON_BLOCKS = YES;
				GCC_OPTIMIZATION_LEVEL = 0;
				GCC_PREPROCESSOR_DEFINITIONS = (
					"DEBUG=1",
					"$(inherited)",
				);
				GCC_WARN_64_TO_32_BIT_CONVERSION = YES;
				GCC_WARN_ABOUT_RETURN_TYPE = YES_ERROR;
				GCC_WARN_UNDECLARED_SELECTOR = YES;
				GCC_WARN_UNINITIALIZED_AUTOS = YES_AGGRESSIVE;
				GCC_WARN_UNUSED_FUNCTION = YES;
				GCC_WARN_UNUSED_VARIABLE = YES;
				IPHONEOS_DEPLOYMENT_TARGET = 17.5;
				LOCALIZATION_PREFERS_STRING_CATALOGS = YES;
				MTL_ENABLE_DEBUG_INFO = INCLUDE_SOURCE;
				MTL_FAST_MATH = YES;
				ONLY_ACTIVE_ARCH = YES;
				SDKROOT = iphoneos;
				SWIFT_ACTIVE_COMPILATION_CONDITIONS = "DEBUG $(inherited)";
				SWIFT_OPTIMIZATION_LEVEL = "-Onone";
			};
			name = Debug;
		};
		55DEB5682C0407C200B2E8AF /* Release */ = {
			isa = XCBuildConfiguration;
			buildSettings = {
				ALWAYS_SEARCH_USER_PATHS = NO;
				ASSETCATALOG_COMPILER_GENERATE_SWIFT_ASSET_SYMBOL_EXTENSIONS = YES;
				CLANG_ANALYZER_NONNULL = YES;
				CLANG_ANALYZER_NUMBER_OBJECT_CONVERSION = YES_AGGRESSIVE;
				CLANG_CXX_LANGUAGE_STANDARD = "gnu++20";
				CLANG_ENABLE_MODULES = YES;
				CLANG_ENABLE_OBJC_ARC = YES;
				CLANG_ENABLE_OBJC_WEAK = YES;
				CLANG_WARN_BLOCK_CAPTURE_AUTORELEASING = YES;
				CLANG_WARN_BOOL_CONVERSION = YES;
				CLANG_WARN_COMMA = YES;
				CLANG_WARN_CONSTANT_CONVERSION = YES;
				CLANG_WARN_DEPRECATED_OBJC_IMPLEMENTATIONS = YES;
				CLANG_WARN_DIRECT_OBJC_ISA_USAGE = YES_ERROR;
				CLANG_WARN_DOCUMENTATION_COMMENTS = YES;
				CLANG_WARN_EMPTY_BODY = YES;
				CLANG_WARN_ENUM_CONVERSION = YES;
				CLANG_WARN_INFINITE_RECURSION = YES;
				CLANG_WARN_INT_CONVERSION = YES;
				CLANG_WARN_NON_LITERAL_NULL_CONVERSION = YES;
				CLANG_WARN_OBJC_IMPLICIT_RETAIN_SELF = YES;
				CLANG_WARN_OBJC_LITERAL_CONVERSION = YES;
				CLANG_WARN_OBJC_ROOT_CLASS = YES_ERROR;
				CLANG_WARN_QUOTED_INCLUDE_IN_FRAMEWORK_HEADER = YES;
				CLANG_WARN_RANGE_LOOP_ANALYSIS = YES;
				CLANG_WARN_STRICT_PROTOTYPES = YES;
				CLANG_WARN_SUSPICIOUS_MOVE = YES;
				CLANG_WARN_UNGUARDED_AVAILABILITY = YES_AGGRESSIVE;
				CLANG_WARN_UNREACHABLE_CODE = YES;
				CLANG_WARN__DUPLICATE_METHOD_MATCH = YES;
				COPY_PHASE_STRIP = NO;
				DEBUG_INFORMATION_FORMAT = "dwarf-with-dsym";
				ENABLE_NS_ASSERTIONS = NO;
				ENABLE_STRICT_OBJC_MSGSEND = YES;
				ENABLE_USER_SCRIPT_SANDBOXING = YES;
				GCC_C_LANGUAGE_STANDARD = gnu17;
				GCC_NO_COMMON_BLOCKS = YES;
				GCC_WARN_64_TO_32_BIT_CONVERSION = YES;
				GCC_WARN_ABOUT_RETURN_TYPE = YES_ERROR;
				GCC_WARN_UNDECLARED_SELECTOR = YES;
				GCC_WARN_UNINITIALIZED_AUTOS = YES_AGGRESSIVE;
				GCC_WARN_UNUSED_FUNCTION = YES;
				GCC_WARN_UNUSED_VARIABLE = YES;
				IPHONEOS_DEPLOYMENT_TARGET = 17.5;
				LOCALIZATION_PREFERS_STRING_CATALOGS = YES;
				MTL_ENABLE_DEBUG_INFO = NO;
				MTL_FAST_MATH = YES;
				SDKROOT = iphoneos;
				SWIFT_COMPILATION_MODE = wholemodule;
				VALIDATE_PRODUCT = YES;
			};
			name = Release;
		};
		55DEB56A2C0407C200B2E8AF /* Debug */ = {
			isa = XCBuildConfiguration;
			buildSettings = {
				ASSETCATALOG_COMPILER_APPICON_NAME = AppIcon;
				ASSETCATALOG_COMPILER_GLOBAL_ACCENT_COLOR_NAME = AccentColor;
				CODE_SIGN_STYLE = Automatic;
				CURRENT_PROJECT_VERSION = 1;
				GENERATE_INFOPLIST_FILE = YES;
				INFOPLIST_FILE = iOS_7th_homework/Info.plist;
				INFOPLIST_KEY_UIApplicationSupportsIndirectInputEvents = YES;
				INFOPLIST_KEY_UILaunchStoryboardName = LaunchScreen;
				INFOPLIST_KEY_UISupportedInterfaceOrientations_iPad = "UIInterfaceOrientationPortrait UIInterfaceOrientationPortraitUpsideDown UIInterfaceOrientationLandscapeLeft UIInterfaceOrientationLandscapeRight";
				INFOPLIST_KEY_UISupportedInterfaceOrientations_iPhone = "UIInterfaceOrientationPortrait UIInterfaceOrientationLandscapeLeft UIInterfaceOrientationLandscapeRight";
				LD_RUNPATH_SEARCH_PATHS = (
					"$(inherited)",
					"@executable_path/Frameworks",
				);
				MARKETING_VERSION = 1.0;
				PRODUCT_BUNDLE_IDENTIFIER = "sokft.iOS-7th-homework";
				PRODUCT_NAME = "$(TARGET_NAME)";
				SWIFT_EMIT_LOC_STRINGS = YES;
				SWIFT_VERSION = 5.0;
				TARGETED_DEVICE_FAMILY = "1,2";
			};
			name = Debug;
		};
		55DEB56B2C0407C200B2E8AF /* Release */ = {
			isa = XCBuildConfiguration;
			buildSettings = {
				ASSETCATALOG_COMPILER_APPICON_NAME = AppIcon;
				ASSETCATALOG_COMPILER_GLOBAL_ACCENT_COLOR_NAME = AccentColor;
				CODE_SIGN_STYLE = Automatic;
				CURRENT_PROJECT_VERSION = 1;
				GENERATE_INFOPLIST_FILE = YES;
				INFOPLIST_FILE = iOS_7th_homework/Info.plist;
				INFOPLIST_KEY_UIApplicationSupportsIndirectInputEvents = YES;
				INFOPLIST_KEY_UILaunchStoryboardName = LaunchScreen;
				INFOPLIST_KEY_UISupportedInterfaceOrientations_iPad = "UIInterfaceOrientationPortrait UIInterfaceOrientationPortraitUpsideDown UIInterfaceOrientationLandscapeLeft UIInterfaceOrientationLandscapeRight";
				INFOPLIST_KEY_UISupportedInterfaceOrientations_iPhone = "UIInterfaceOrientationPortrait UIInterfaceOrientationLandscapeLeft UIInterfaceOrientationLandscapeRight";
				LD_RUNPATH_SEARCH_PATHS = (
					"$(inherited)",
					"@executable_path/Frameworks",
				);
				MARKETING_VERSION = 1.0;
				PRODUCT_BUNDLE_IDENTIFIER = "sokft.iOS-7th-homework";
				PRODUCT_NAME = "$(TARGET_NAME)";
				SWIFT_EMIT_LOC_STRINGS = YES;
				SWIFT_VERSION = 5.0;
				TARGETED_DEVICE_FAMILY = "1,2";
			};
			name = Release;
		};
/* End XCBuildConfiguration section */

/* Begin XCConfigurationList section */
		55DEB5502C0407C100B2E8AF /* Build configuration list for PBXProject "iOS_7th_homework" */ = {
			isa = XCConfigurationList;
			buildConfigurations = (
				55DEB5672C0407C200B2E8AF /* Debug */,
				55DEB5682C0407C200B2E8AF /* Release */,
			);
			defaultConfigurationIsVisible = 0;
			defaultConfigurationName = Release;
		};
		55DEB5692C0407C200B2E8AF /* Build configuration list for PBXNativeTarget "iOS_7th_homework" */ = {
			isa = XCConfigurationList;
			buildConfigurations = (
				55DEB56A2C0407C200B2E8AF /* Debug */,
				55DEB56B2C0407C200B2E8AF /* Release */,
			);
			defaultConfigurationIsVisible = 0;
			defaultConfigurationName = Release;
		};
/* End XCConfigurationList section */

/* Begin XCRemoteSwiftPackageReference section */
		55DEB5752C04B1E900B2E8AF /* XCRemoteSwiftPackageReference "SnapKit" */ = {
			isa = XCRemoteSwiftPackageReference;
			repositoryURL = "https://github.com/SnapKit/SnapKit";
			requirement = {
				kind = upToNextMajorVersion;
				minimumVersion = 5.7.1;
			};
		};
/* End XCRemoteSwiftPackageReference section */

/* Begin XCSwiftPackageProductDependency section */
		55DEB5762C04B1E900B2E8AF /* SnapKit */ = {
			isa = XCSwiftPackageProductDependency;
			package = 55DEB5752C04B1E900B2E8AF /* XCRemoteSwiftPackageReference "SnapKit" */;
			productName = SnapKit;
		};
/* End XCSwiftPackageProductDependency section */
	};
	rootObject = 55DEB54D2C0407C100B2E8AF /* Project object */;
}
