// !$*UTF8*$!
{
	archiveVersion = 1;
	classes = {
	};
	objectVersion = 56;
	objects = {

/* Begin PBXBuildFile section */
		55BE00602BBE8B5B00D68D69 /* AppDelegate.swift in Sources */ = {isa = PBXBuildFile; fileRef = 55BE005F2BBE8B5B00D68D69 /* AppDelegate.swift */; };
		55BE00622BBE8B5B00D68D69 /* SceneDelegate.swift in Sources */ = {isa = PBXBuildFile; fileRef = 55BE00612BBE8B5B00D68D69 /* SceneDelegate.swift */; };
		55BE00642BBE8B5B00D68D69 /* ViewController.swift in Sources */ = {isa = PBXBuildFile; fileRef = 55BE00632BBE8B5B00D68D69 /* ViewController.swift */; };
		55BE00672BBE8B5B00D68D69 /* Main.storyboard in Resources */ = {isa = PBXBuildFile; fileRef = 55BE00652BBE8B5B00D68D69 /* Main.storyboard */; };
		55BE00692BBE8B5E00D68D69 /* Assets.xcassets in Resources */ = {isa = PBXBuildFile; fileRef = 55BE00682BBE8B5E00D68D69 /* Assets.xcassets */; };
		55BE006C2BBE8B5E00D68D69 /* LaunchScreen.storyboard in Resources */ = {isa = PBXBuildFile; fileRef = 55BE006A2BBE8B5E00D68D69 /* LaunchScreen.storyboard */; };
		55BE00772BBE8B5F00D68D69 /* BaemiTests.swift in Sources */ = {isa = PBXBuildFile; fileRef = 55BE00762BBE8B5F00D68D69 /* BaemiTests.swift */; };
		55BE00812BBE8B5F00D68D69 /* BaemiUITests.swift in Sources */ = {isa = PBXBuildFile; fileRef = 55BE00802BBE8B5F00D68D69 /* BaemiUITests.swift */; };
		55BE00832BBE8B5F00D68D69 /* BaemiUITestsLaunchTests.swift in Sources */ = {isa = PBXBuildFile; fileRef = 55BE00822BBE8B5F00D68D69 /* BaemiUITestsLaunchTests.swift */; };
/* End PBXBuildFile section */

/* Begin PBXContainerItemProxy section */
		55BE00732BBE8B5F00D68D69 /* PBXContainerItemProxy */ = {
			isa = PBXContainerItemProxy;
			containerPortal = 55BE00542BBE8B5B00D68D69 /* Project object */;
			proxyType = 1;
			remoteGlobalIDString = 55BE005B2BBE8B5B00D68D69;
			remoteInfo = Baemi;
		};
		55BE007D2BBE8B5F00D68D69 /* PBXContainerItemProxy */ = {
			isa = PBXContainerItemProxy;
			containerPortal = 55BE00542BBE8B5B00D68D69 /* Project object */;
			proxyType = 1;
			remoteGlobalIDString = 55BE005B2BBE8B5B00D68D69;
			remoteInfo = Baemi;
		};
/* End PBXContainerItemProxy section */

/* Begin PBXFileReference section */
		55BE005C2BBE8B5B00D68D69 /* Baemi.app */ = {isa = PBXFileReference; explicitFileType = wrapper.application; includeInIndex = 0; path = Baemi.app; sourceTree = BUILT_PRODUCTS_DIR; };
		55BE005F2BBE8B5B00D68D69 /* AppDelegate.swift */ = {isa = PBXFileReference; lastKnownFileType = sourcecode.swift; path = AppDelegate.swift; sourceTree = "<group>"; };
		55BE00612BBE8B5B00D68D69 /* SceneDelegate.swift */ = {isa = PBXFileReference; lastKnownFileType = sourcecode.swift; path = SceneDelegate.swift; sourceTree = "<group>"; };
		55BE00632BBE8B5B00D68D69 /* ViewController.swift */ = {isa = PBXFileReference; lastKnownFileType = sourcecode.swift; path = ViewController.swift; sourceTree = "<group>"; };
		55BE00662BBE8B5B00D68D69 /* Base */ = {isa = PBXFileReference; lastKnownFileType = file.storyboard; name = Base; path = Base.lproj/Main.storyboard; sourceTree = "<group>"; };
		55BE00682BBE8B5E00D68D69 /* Assets.xcassets */ = {isa = PBXFileReference; lastKnownFileType = folder.assetcatalog; path = Assets.xcassets; sourceTree = "<group>"; };
		55BE006B2BBE8B5E00D68D69 /* Base */ = {isa = PBXFileReference; lastKnownFileType = file.storyboard; name = Base; path = Base.lproj/LaunchScreen.storyboard; sourceTree = "<group>"; };
		55BE006D2BBE8B5E00D68D69 /* Info.plist */ = {isa = PBXFileReference; lastKnownFileType = text.plist.xml; path = Info.plist; sourceTree = "<group>"; };
		55BE00722BBE8B5F00D68D69 /* BaemiTests.xctest */ = {isa = PBXFileReference; explicitFileType = wrapper.cfbundle; includeInIndex = 0; path = BaemiTests.xctest; sourceTree = BUILT_PRODUCTS_DIR; };
		55BE00762BBE8B5F00D68D69 /* BaemiTests.swift */ = {isa = PBXFileReference; lastKnownFileType = sourcecode.swift; path = BaemiTests.swift; sourceTree = "<group>"; };
		55BE007C2BBE8B5F00D68D69 /* BaemiUITests.xctest */ = {isa = PBXFileReference; explicitFileType = wrapper.cfbundle; includeInIndex = 0; path = BaemiUITests.xctest; sourceTree = BUILT_PRODUCTS_DIR; };
		55BE00802BBE8B5F00D68D69 /* BaemiUITests.swift */ = {isa = PBXFileReference; lastKnownFileType = sourcecode.swift; path = BaemiUITests.swift; sourceTree = "<group>"; };
		55BE00822BBE8B5F00D68D69 /* BaemiUITestsLaunchTests.swift */ = {isa = PBXFileReference; lastKnownFileType = sourcecode.swift; path = BaemiUITestsLaunchTests.swift; sourceTree = "<group>"; };
/* End PBXFileReference section */

/* Begin PBXFrameworksBuildPhase section */
		55BE00592BBE8B5B00D68D69 /* Frameworks */ = {
			isa = PBXFrameworksBuildPhase;
			buildActionMask = 2147483647;
			files = (
			);
			runOnlyForDeploymentPostprocessing = 0;
		};
		55BE006F2BBE8B5F00D68D69 /* Frameworks */ = {
			isa = PBXFrameworksBuildPhase;
			buildActionMask = 2147483647;
			files = (
			);
			runOnlyForDeploymentPostprocessing = 0;
		};
		55BE00792BBE8B5F00D68D69 /* Frameworks */ = {
			isa = PBXFrameworksBuildPhase;
			buildActionMask = 2147483647;
			files = (
			);
			runOnlyForDeploymentPostprocessing = 0;
		};
/* End PBXFrameworksBuildPhase section */

/* Begin PBXGroup section */
		55BE00532BBE8B5B00D68D69 = {
			isa = PBXGroup;
			children = (
				55BE005E2BBE8B5B00D68D69 /* Baemi */,
				55BE00752BBE8B5F00D68D69 /* BaemiTests */,
				55BE007F2BBE8B5F00D68D69 /* BaemiUITests */,
				55BE005D2BBE8B5B00D68D69 /* Products */,
			);
			sourceTree = "<group>";
		};
		55BE005D2BBE8B5B00D68D69 /* Products */ = {
			isa = PBXGroup;
			children = (
				55BE005C2BBE8B5B00D68D69 /* Baemi.app */,
				55BE00722BBE8B5F00D68D69 /* BaemiTests.xctest */,
				55BE007C2BBE8B5F00D68D69 /* BaemiUITests.xctest */,
			);
			name = Products;
			sourceTree = "<group>";
		};
		55BE005E2BBE8B5B00D68D69 /* Baemi */ = {
			isa = PBXGroup;
			children = (
				55BE005F2BBE8B5B00D68D69 /* AppDelegate.swift */,
				55BE00612BBE8B5B00D68D69 /* SceneDelegate.swift */,
				55BE00632BBE8B5B00D68D69 /* ViewController.swift */,
				55BE00652BBE8B5B00D68D69 /* Main.storyboard */,
				55BE00682BBE8B5E00D68D69 /* Assets.xcassets */,
				55BE006A2BBE8B5E00D68D69 /* LaunchScreen.storyboard */,
				55BE006D2BBE8B5E00D68D69 /* Info.plist */,
			);
			path = Baemi;
			sourceTree = "<group>";
		};
		55BE00752BBE8B5F00D68D69 /* BaemiTests */ = {
			isa = PBXGroup;
			children = (
				55BE00762BBE8B5F00D68D69 /* BaemiTests.swift */,
			);
			path = BaemiTests;
			sourceTree = "<group>";
		};
		55BE007F2BBE8B5F00D68D69 /* BaemiUITests */ = {
			isa = PBXGroup;
			children = (
				55BE00802BBE8B5F00D68D69 /* BaemiUITests.swift */,
				55BE00822BBE8B5F00D68D69 /* BaemiUITestsLaunchTests.swift */,
			);
			path = BaemiUITests;
			sourceTree = "<group>";
		};
/* End PBXGroup section */

/* Begin PBXNativeTarget section */
		55BE005B2BBE8B5B00D68D69 /* Baemi */ = {
			isa = PBXNativeTarget;
			buildConfigurationList = 55BE00862BBE8B5F00D68D69 /* Build configuration list for PBXNativeTarget "Baemi" */;
			buildPhases = (
				55BE00582BBE8B5B00D68D69 /* Sources */,
				55BE00592BBE8B5B00D68D69 /* Frameworks */,
				55BE005A2BBE8B5B00D68D69 /* Resources */,
			);
			buildRules = (
			);
			dependencies = (
			);
			name = Baemi;
			productName = Baemi;
			productReference = 55BE005C2BBE8B5B00D68D69 /* Baemi.app */;
			productType = "com.apple.product-type.application";
		};
		55BE00712BBE8B5F00D68D69 /* BaemiTests */ = {
			isa = PBXNativeTarget;
			buildConfigurationList = 55BE00892BBE8B5F00D68D69 /* Build configuration list for PBXNativeTarget "BaemiTests" */;
			buildPhases = (
				55BE006E2BBE8B5F00D68D69 /* Sources */,
				55BE006F2BBE8B5F00D68D69 /* Frameworks */,
				55BE00702BBE8B5F00D68D69 /* Resources */,
			);
			buildRules = (
			);
			dependencies = (
				55BE00742BBE8B5F00D68D69 /* PBXTargetDependency */,
			);
			name = BaemiTests;
			productName = BaemiTests;
			productReference = 55BE00722BBE8B5F00D68D69 /* BaemiTests.xctest */;
			productType = "com.apple.product-type.bundle.unit-test";
		};
		55BE007B2BBE8B5F00D68D69 /* BaemiUITests */ = {
			isa = PBXNativeTarget;
			buildConfigurationList = 55BE008C2BBE8B5F00D68D69 /* Build configuration list for PBXNativeTarget "BaemiUITests" */;
			buildPhases = (
				55BE00782BBE8B5F00D68D69 /* Sources */,
				55BE00792BBE8B5F00D68D69 /* Frameworks */,
				55BE007A2BBE8B5F00D68D69 /* Resources */,
			);
			buildRules = (
			);
			dependencies = (
				55BE007E2BBE8B5F00D68D69 /* PBXTargetDependency */,
			);
			name = BaemiUITests;
			productName = BaemiUITests;
			productReference = 55BE007C2BBE8B5F00D68D69 /* BaemiUITests.xctest */;
			productType = "com.apple.product-type.bundle.ui-testing";
		};
/* End PBXNativeTarget section */

/* Begin PBXProject section */
		55BE00542BBE8B5B00D68D69 /* Project object */ = {
			isa = PBXProject;
			attributes = {
				BuildIndependentTargetsInParallel = 1;
				LastSwiftUpdateCheck = 1520;
				LastUpgradeCheck = 1520;
				TargetAttributes = {
					55BE005B2BBE8B5B00D68D69 = {
						CreatedOnToolsVersion = 15.2;
					};
					55BE00712BBE8B5F00D68D69 = {
						CreatedOnToolsVersion = 15.2;
						TestTargetID = 55BE005B2BBE8B5B00D68D69;
					};
					55BE007B2BBE8B5F00D68D69 = {
						CreatedOnToolsVersion = 15.2;
						TestTargetID = 55BE005B2BBE8B5B00D68D69;
					};
				};
			};
			buildConfigurationList = 55BE00572BBE8B5B00D68D69 /* Build configuration list for PBXProject "Baemi" */;
			compatibilityVersion = "Xcode 14.0";
			developmentRegion = en;
			hasScannedForEncodings = 0;
			knownRegions = (
				en,
				Base,
			);
			mainGroup = 55BE00532BBE8B5B00D68D69;
			productRefGroup = 55BE005D2BBE8B5B00D68D69 /* Products */;
			projectDirPath = "";
			projectRoot = "";
			targets = (
				55BE005B2BBE8B5B00D68D69 /* Baemi */,
				55BE00712BBE8B5F00D68D69 /* BaemiTests */,
				55BE007B2BBE8B5F00D68D69 /* BaemiUITests */,
			);
		};
/* End PBXProject section */

/* Begin PBXResourcesBuildPhase section */
		55BE005A2BBE8B5B00D68D69 /* Resources */ = {
			isa = PBXResourcesBuildPhase;
			buildActionMask = 2147483647;
			files = (
				55BE006C2BBE8B5E00D68D69 /* LaunchScreen.storyboard in Resources */,
				55BE00692BBE8B5E00D68D69 /* Assets.xcassets in Resources */,
				55BE00672BBE8B5B00D68D69 /* Main.storyboard in Resources */,
			);
			runOnlyForDeploymentPostprocessing = 0;
		};
		55BE00702BBE8B5F00D68D69 /* Resources */ = {
			isa = PBXResourcesBuildPhase;
			buildActionMask = 2147483647;
			files = (
			);
			runOnlyForDeploymentPostprocessing = 0;
		};
		55BE007A2BBE8B5F00D68D69 /* Resources */ = {
			isa = PBXResourcesBuildPhase;
			buildActionMask = 2147483647;
			files = (
			);
			runOnlyForDeploymentPostprocessing = 0;
		};
/* End PBXResourcesBuildPhase section */

/* Begin PBXSourcesBuildPhase section */
		55BE00582BBE8B5B00D68D69 /* Sources */ = {
			isa = PBXSourcesBuildPhase;
			buildActionMask = 2147483647;
			files = (
				55BE00642BBE8B5B00D68D69 /* ViewController.swift in Sources */,
				55BE00602BBE8B5B00D68D69 /* AppDelegate.swift in Sources */,
				55BE00622BBE8B5B00D68D69 /* SceneDelegate.swift in Sources */,
			);
			runOnlyForDeploymentPostprocessing = 0;
		};
		55BE006E2BBE8B5F00D68D69 /* Sources */ = {
			isa = PBXSourcesBuildPhase;
			buildActionMask = 2147483647;
			files = (
				55BE00772BBE8B5F00D68D69 /* BaemiTests.swift in Sources */,
			);
			runOnlyForDeploymentPostprocessing = 0;
		};
		55BE00782BBE8B5F00D68D69 /* Sources */ = {
			isa = PBXSourcesBuildPhase;
			buildActionMask = 2147483647;
			files = (
				55BE00812BBE8B5F00D68D69 /* BaemiUITests.swift in Sources */,
				55BE00832BBE8B5F00D68D69 /* BaemiUITestsLaunchTests.swift in Sources */,
			);
			runOnlyForDeploymentPostprocessing = 0;
		};
/* End PBXSourcesBuildPhase section */

/* Begin PBXTargetDependency section */
		55BE00742BBE8B5F00D68D69 /* PBXTargetDependency */ = {
			isa = PBXTargetDependency;
			target = 55BE005B2BBE8B5B00D68D69 /* Baemi */;
			targetProxy = 55BE00732BBE8B5F00D68D69 /* PBXContainerItemProxy */;
		};
		55BE007E2BBE8B5F00D68D69 /* PBXTargetDependency */ = {
			isa = PBXTargetDependency;
			target = 55BE005B2BBE8B5B00D68D69 /* Baemi */;
			targetProxy = 55BE007D2BBE8B5F00D68D69 /* PBXContainerItemProxy */;
		};
/* End PBXTargetDependency section */

/* Begin PBXVariantGroup section */
		55BE00652BBE8B5B00D68D69 /* Main.storyboard */ = {
			isa = PBXVariantGroup;
			children = (
				55BE00662BBE8B5B00D68D69 /* Base */,
			);
			name = Main.storyboard;
			sourceTree = "<group>";
		};
		55BE006A2BBE8B5E00D68D69 /* LaunchScreen.storyboard */ = {
			isa = PBXVariantGroup;
			children = (
				55BE006B2BBE8B5E00D68D69 /* Base */,
			);
			name = LaunchScreen.storyboard;
			sourceTree = "<group>";
		};
/* End PBXVariantGroup section */

/* Begin XCBuildConfiguration section */
		55BE00842BBE8B5F00D68D69 /* Debug */ = {
			isa = XCBuildConfiguration;
			buildSettings = {
				ALWAYS_SEARCH_USER_PATHS = NO;
				ASSETCATALOG_COMPILER_GENERATE_SWIFT_ASSET_SYMBOL_EXTENSIONS = YES;
				CLANG_ANALYZER_NONNULL = YES;
				CLANG_ANALYZER_NUMBER_OBJECT_CONVERSION = YES_AGGRESSIVE;
				CLANG_CXX_LANGUAGE_STANDARD = "gnu++20";
				CLANG_ENABLE_MODULES = YES;
				CLANG_ENABLE_OBJC_ARC = YES;
				CLANG_ENABLE_OBJC_WEAK = YES;
				CLANG_WARN_BLOCK_CAPTURE_AUTORELEASING = YES;
				CLANG_WARN_BOOL_CONVERSION = YES;
				CLANG_WARN_COMMA = YES;
				CLANG_WARN_CONSTANT_CONVERSION = YES;
				CLANG_WARN_DEPRECATED_OBJC_IMPLEMENTATIONS = YES;
				CLANG_WARN_DIRECT_OBJC_ISA_USAGE = YES_ERROR;
				CLANG_WARN_DOCUMENTATION_COMMENTS = YES;
				CLANG_WARN_EMPTY_BODY = YES;
				CLANG_WARN_ENUM_CONVERSION = YES;
				CLANG_WARN_INFINITE_RECURSION = YES;
				CLANG_WARN_INT_CONVERSION = YES;
				CLANG_WARN_NON_LITERAL_NULL_CONVERSION = YES;
				CLANG_WARN_OBJC_IMPLICIT_RETAIN_SELF = YES;
				CLANG_WARN_OBJC_LITERAL_CONVERSION = YES;
				CLANG_WARN_OBJC_ROOT_CLASS = YES_ERROR;
				CLANG_WARN_QUOTED_INCLUDE_IN_FRAMEWORK_HEADER = YES;
				CLANG_WARN_RANGE_LOOP_ANALYSIS = YES;
				CLANG_WARN_STRICT_PROTOTYPES = YES;
				CLANG_WARN_SUSPICIOUS_MOVE = YES;
				CLANG_WARN_UNGUARDED_AVAILABILITY = YES_AGGRESSIVE;
				CLANG_WARN_UNREACHABLE_CODE = YES;
				CLANG_WARN__DUPLICATE_METHOD_MATCH = YES;
				COPY_PHASE_STRIP = NO;
				DEBUG_INFORMATION_FORMAT = dwarf;
				ENABLE_STRICT_OBJC_MSGSEND = YES;
				ENABLE_TESTABILITY = YES;
				ENABLE_USER_SCRIPT_SANDBOXING = YES;
				GCC_C_LANGUAGE_STANDARD = gnu17;
				GCC_DYNAMIC_NO_PIC = NO;
				GCC_NO_COMMON_BLOCKS = YES;
				GCC_OPTIMIZATION_LEVEL = 0;
				GCC_PREPROCESSOR_DEFINITIONS = (
					"DEBUG=1",
					"$(inherited)",
				);
				GCC_WARN_64_TO_32_BIT_CONVERSION = YES;
				GCC_WARN_ABOUT_RETURN_TYPE = YES_ERROR;
				GCC_WARN_UNDECLARED_SELECTOR = YES;
				GCC_WARN_UNINITIALIZED_AUTOS = YES_AGGRESSIVE;
				GCC_WARN_UNUSED_FUNCTION = YES;
				GCC_WARN_UNUSED_VARIABLE = YES;
				IPHONEOS_DEPLOYMENT_TARGET = 17.2;
				LOCALIZATION_PREFERS_STRING_CATALOGS = YES;
				MTL_ENABLE_DEBUG_INFO = INCLUDE_SOURCE;
				MTL_FAST_MATH = YES;
				ONLY_ACTIVE_ARCH = YES;
				SDKROOT = iphoneos;
				SWIFT_ACTIVE_COMPILATION_CONDITIONS = "DEBUG $(inherited)";
				SWIFT_OPTIMIZATION_LEVEL = "-Onone";
			};
			name = Debug;
		};
		55BE00852BBE8B5F00D68D69 /* Release */ = {
			isa = XCBuildConfiguration;
			buildSettings = {
				ALWAYS_SEARCH_USER_PATHS = NO;
				ASSETCATALOG_COMPILER_GENERATE_SWIFT_ASSET_SYMBOL_EXTENSIONS = YES;
				CLANG_ANALYZER_NONNULL = YES;
				CLANG_ANALYZER_NUMBER_OBJECT_CONVERSION = YES_AGGRESSIVE;
				CLANG_CXX_LANGUAGE_STANDARD = "gnu++20";
				CLANG_ENABLE_MODULES = YES;
				CLANG_ENABLE_OBJC_ARC = YES;
				CLANG_ENABLE_OBJC_WEAK = YES;
				CLANG_WARN_BLOCK_CAPTURE_AUTORELEASING = YES;
				CLANG_WARN_BOOL_CONVERSION = YES;
				CLANG_WARN_COMMA = YES;
				CLANG_WARN_CONSTANT_CONVERSION = YES;
				CLANG_WARN_DEPRECATED_OBJC_IMPLEMENTATIONS = YES;
				CLANG_WARN_DIRECT_OBJC_ISA_USAGE = YES_ERROR;
				CLANG_WARN_DOCUMENTATION_COMMENTS = YES;
				CLANG_WARN_EMPTY_BODY = YES;
				CLANG_WARN_ENUM_CONVERSION = YES;
				CLANG_WARN_INFINITE_RECURSION = YES;
				CLANG_WARN_INT_CONVERSION = YES;
				CLANG_WARN_NON_LITERAL_NULL_CONVERSION = YES;
				CLANG_WARN_OBJC_IMPLICIT_RETAIN_SELF = YES;
				CLANG_WARN_OBJC_LITERAL_CONVERSION = YES;
				CLANG_WARN_OBJC_ROOT_CLASS = YES_ERROR;
				CLANG_WARN_QUOTED_INCLUDE_IN_FRAMEWORK_HEADER = YES;
				CLANG_WARN_RANGE_LOOP_ANALYSIS = YES;
				CLANG_WARN_STRICT_PROTOTYPES = YES;
				CLANG_WARN_SUSPICIOUS_MOVE = YES;
				CLANG_WARN_UNGUARDED_AVAILABILITY = YES_AGGRESSIVE;
				CLANG_WARN_UNREACHABLE_CODE = YES;
				CLANG_WARN__DUPLICATE_METHOD_MATCH = YES;
				COPY_PHASE_STRIP = NO;
				DEBUG_INFORMATION_FORMAT = "dwarf-with-dsym";
				ENABLE_NS_ASSERTIONS = NO;
				ENABLE_STRICT_OBJC_MSGSEND = YES;
				ENABLE_USER_SCRIPT_SANDBOXING = YES;
				GCC_C_LANGUAGE_STANDARD = gnu17;
				GCC_NO_COMMON_BLOCKS = YES;
				GCC_WARN_64_TO_32_BIT_CONVERSION = YES;
				GCC_WARN_ABOUT_RETURN_TYPE = YES_ERROR;
				GCC_WARN_UNDECLARED_SELECTOR = YES;
				GCC_WARN_UNINITIALIZED_AUTOS = YES_AGGRESSIVE;
				GCC_WARN_UNUSED_FUNCTION = YES;
				GCC_WARN_UNUSED_VARIABLE = YES;
				IPHONEOS_DEPLOYMENT_TARGET = 17.2;
				LOCALIZATION_PREFERS_STRING_CATALOGS = YES;
				MTL_ENABLE_DEBUG_INFO = NO;
				MTL_FAST_MATH = YES;
				SDKROOT = iphoneos;
				SWIFT_COMPILATION_MODE = wholemodule;
				VALIDATE_PRODUCT = YES;
			};
			name = Release;
		};
		55BE00872BBE8B5F00D68D69 /* Debug */ = {
			isa = XCBuildConfiguration;
			buildSettings = {
				ASSETCATALOG_COMPILER_APPICON_NAME = AppIcon;
				ASSETCATALOG_COMPILER_GLOBAL_ACCENT_COLOR_NAME = AccentColor;
				CODE_SIGN_STYLE = Automatic;
				CURRENT_PROJECT_VERSION = 1;
				DEVELOPMENT_TEAM = XY6F875852;
				GENERATE_INFOPLIST_FILE = YES;
				INFOPLIST_FILE = Baemi/Info.plist;
				INFOPLIST_KEY_UIApplicationSupportsIndirectInputEvents = YES;
				INFOPLIST_KEY_UILaunchStoryboardName = LaunchScreen;
				INFOPLIST_KEY_UIMainStoryboardFile = Main;
				INFOPLIST_KEY_UISupportedInterfaceOrientations_iPad = "UIInterfaceOrientationPortrait UIInterfaceOrientationPortraitUpsideDown UIInterfaceOrientationLandscapeLeft UIInterfaceOrientationLandscapeRight";
				INFOPLIST_KEY_UISupportedInterfaceOrientations_iPhone = "UIInterfaceOrientationPortrait UIInterfaceOrientationLandscapeLeft UIInterfaceOrientationLandscapeRight";
				LD_RUNPATH_SEARCH_PATHS = (
					"$(inherited)",
					"@executable_path/Frameworks",
				);
				MARKETING_VERSION = 1.0;
				PRODUCT_BUNDLE_IDENTIFIER = sokft.Baemi;
				PRODUCT_NAME = "$(TARGET_NAME)";
				SWIFT_EMIT_LOC_STRINGS = YES;
				SWIFT_VERSION = 5.0;
				TARGETED_DEVICE_FAMILY = "1,2";
			};
			name = Debug;
		};
		55BE00882BBE8B5F00D68D69 /* Release */ = {
			isa = XCBuildConfiguration;
			buildSettings = {
				ASSETCATALOG_COMPILER_APPICON_NAME = AppIcon;
				ASSETCATALOG_COMPILER_GLOBAL_ACCENT_COLOR_NAME = AccentColor;
				CODE_SIGN_STYLE = Automatic;
				CURRENT_PROJECT_VERSION = 1;
				DEVELOPMENT_TEAM = XY6F875852;
				GENERATE_INFOPLIST_FILE = YES;
				INFOPLIST_FILE = Baemi/Info.plist;
				INFOPLIST_KEY_UIApplicationSupportsIndirectInputEvents = YES;
				INFOPLIST_KEY_UILaunchStoryboardName = LaunchScreen;
				INFOPLIST_KEY_UIMainStoryboardFile = Main;
				INFOPLIST_KEY_UISupportedInterfaceOrientations_iPad = "UIInterfaceOrientationPortrait UIInterfaceOrientationPortraitUpsideDown UIInterfaceOrientationLandscapeLeft UIInterfaceOrientationLandscapeRight";
				INFOPLIST_KEY_UISupportedInterfaceOrientations_iPhone = "UIInterfaceOrientationPortrait UIInterfaceOrientationLandscapeLeft UIInterfaceOrientationLandscapeRight";
				LD_RUNPATH_SEARCH_PATHS = (
					"$(inherited)",
					"@executable_path/Frameworks",
				);
				MARKETING_VERSION = 1.0;
				PRODUCT_BUNDLE_IDENTIFIER = sokft.Baemi;
				PRODUCT_NAME = "$(TARGET_NAME)";
				SWIFT_EMIT_LOC_STRINGS = YES;
				SWIFT_VERSION = 5.0;
				TARGETED_DEVICE_FAMILY = "1,2";
			};
			name = Release;
		};
		55BE008A2BBE8B5F00D68D69 /* Debug */ = {
			isa = XCBuildConfiguration;
			buildSettings = {
				ALWAYS_EMBED_SWIFT_STANDARD_LIBRARIES = YES;
				BUNDLE_LOADER = "$(TEST_HOST)";
				CODE_SIGN_STYLE = Automatic;
				CURRENT_PROJECT_VERSION = 1;
				DEVELOPMENT_TEAM = XY6F875852;
				GENERATE_INFOPLIST_FILE = YES;
				IPHONEOS_DEPLOYMENT_TARGET = 17.2;
				MARKETING_VERSION = 1.0;
				PRODUCT_BUNDLE_IDENTIFIER = sokft.BaemiTests;
				PRODUCT_NAME = "$(TARGET_NAME)";
				SWIFT_EMIT_LOC_STRINGS = NO;
				SWIFT_VERSION = 5.0;
				TARGETED_DEVICE_FAMILY = "1,2";
				TEST_HOST = "$(BUILT_PRODUCTS_DIR)/Baemi.app/$(BUNDLE_EXECUTABLE_FOLDER_PATH)/Baemi";
			};
			name = Debug;
		};
		55BE008B2BBE8B5F00D68D69 /* Release */ = {
			isa = XCBuildConfiguration;
			buildSettings = {
				ALWAYS_EMBED_SWIFT_STANDARD_LIBRARIES = YES;
				BUNDLE_LOADER = "$(TEST_HOST)";
				CODE_SIGN_STYLE = Automatic;
				CURRENT_PROJECT_VERSION = 1;
				DEVELOPMENT_TEAM = XY6F875852;
				GENERATE_INFOPLIST_FILE = YES;
				IPHONEOS_DEPLOYMENT_TARGET = 17.2;
				MARKETING_VERSION = 1.0;
				PRODUCT_BUNDLE_IDENTIFIER = sokft.BaemiTests;
				PRODUCT_NAME = "$(TARGET_NAME)";
				SWIFT_EMIT_LOC_STRINGS = NO;
				SWIFT_VERSION = 5.0;
				TARGETED_DEVICE_FAMILY = "1,2";
				TEST_HOST = "$(BUILT_PRODUCTS_DIR)/Baemi.app/$(BUNDLE_EXECUTABLE_FOLDER_PATH)/Baemi";
			};
			name = Release;
		};
		55BE008D2BBE8B5F00D68D69 /* Debug */ = {
			isa = XCBuildConfiguration;
			buildSettings = {
				ALWAYS_EMBED_SWIFT_STANDARD_LIBRARIES = YES;
				CODE_SIGN_STYLE = Automatic;
				CURRENT_PROJECT_VERSION = 1;
				DEVELOPMENT_TEAM = XY6F875852;
				GENERATE_INFOPLIST_FILE = YES;
				MARKETING_VERSION = 1.0;
				PRODUCT_BUNDLE_IDENTIFIER = sokft.BaemiUITests;
				PRODUCT_NAME = "$(TARGET_NAME)";
				SWIFT_EMIT_LOC_STRINGS = NO;
				SWIFT_VERSION = 5.0;
				TARGETED_DEVICE_FAMILY = "1,2";
				TEST_TARGET_NAME = Baemi;
			};
			name = Debug;
		};
		55BE008E2BBE8B5F00D68D69 /* Release */ = {
			isa = XCBuildConfiguration;
			buildSettings = {
				ALWAYS_EMBED_SWIFT_STANDARD_LIBRARIES = YES;
				CODE_SIGN_STYLE = Automatic;
				CURRENT_PROJECT_VERSION = 1;
				DEVELOPMENT_TEAM = XY6F875852;
				GENERATE_INFOPLIST_FILE = YES;
				MARKETING_VERSION = 1.0;
				PRODUCT_BUNDLE_IDENTIFIER = sokft.BaemiUITests;
				PRODUCT_NAME = "$(TARGET_NAME)";
				SWIFT_EMIT_LOC_STRINGS = NO;
				SWIFT_VERSION = 5.0;
				TARGETED_DEVICE_FAMILY = "1,2";
				TEST_TARGET_NAME = Baemi;
			};
			name = Release;
		};
/* End XCBuildConfiguration section */

/* Begin XCConfigurationList section */
		55BE00572BBE8B5B00D68D69 /* Build configuration list for PBXProject "Baemi" */ = {
			isa = XCConfigurationList;
			buildConfigurations = (
				55BE00842BBE8B5F00D68D69 /* Debug */,
				55BE00852BBE8B5F00D68D69 /* Release */,
			);
			defaultConfigurationIsVisible = 0;
			defaultConfigurationName = Release;
		};
		55BE00862BBE8B5F00D68D69 /* Build configuration list for PBXNativeTarget "Baemi" */ = {
			isa = XCConfigurationList;
			buildConfigurations = (
				55BE00872BBE8B5F00D68D69 /* Debug */,
				55BE00882BBE8B5F00D68D69 /* Release */,
			);
			defaultConfigurationIsVisible = 0;
			defaultConfigurationName = Release;
		};
		55BE00892BBE8B5F00D68D69 /* Build configuration list for PBXNativeTarget "BaemiTests" */ = {
			isa = XCConfigurationList;
			buildConfigurations = (
				55BE008A2BBE8B5F00D68D69 /* Debug */,
				55BE008B2BBE8B5F00D68D69 /* Release */,
			);
			defaultConfigurationIsVisible = 0;
			defaultConfigurationName = Release;
		};
		55BE008C2BBE8B5F00D68D69 /* Build configuration list for PBXNativeTarget "BaemiUITests" */ = {
			isa = XCConfigurationList;
			buildConfigurations = (
				55BE008D2BBE8B5F00D68D69 /* Debug */,
				55BE008E2BBE8B5F00D68D69 /* Release */,
			);
			defaultConfigurationIsVisible = 0;
			defaultConfigurationName = Release;
		};
/* End XCConfigurationList section */
	};
	rootObject = 55BE00542BBE8B5B00D68D69 /* Project object */;
}
