// !$*UTF8*$!
{
	archiveVersion = 1;
	classes = {
	};
	objectVersion = 56;
	objects = {

/* Begin PBXBuildFile section */
		372E4B0530DD5E1D9F2ED635 /* Pods_iOS_5th_homework.framework in Frameworks */ = {isa = PBXBuildFile; fileRef = B03942BE468BE9902BF06CAD /* Pods_iOS_5th_homework.framework */; };
		55EFA0592BF64C5A00631D91 /* AppDelegate.swift in Sources */ = {isa = PBXBuildFile; fileRef = 55EFA0582BF64C5A00631D91 /* AppDelegate.swift */; };
		55EFA05B2BF64C5A00631D91 /* SceneDelegate.swift in Sources */ = {isa = PBXBuildFile; fileRef = 55EFA05A2BF64C5A00631D91 /* SceneDelegate.swift */; };
		55EFA05D2BF64C5A00631D91 /* ViewController.swift in Sources */ = {isa = PBXBuildFile; fileRef = 55EFA05C2BF64C5A00631D91 /* ViewController.swift */; };
		55EFA0622BF64C6000631D91 /* Assets.xcassets in Resources */ = {isa = PBXBuildFile; fileRef = 55EFA0612BF64C6000631D91 /* Assets.xcassets */; };
		55EFA0652BF64C6000631D91 /* Base in Resources */ = {isa = PBXBuildFile; fileRef = 55EFA0642BF64C6000631D91 /* Base */; };
		55EFA0742BF6E32900631D91 /* CustomView.swift in Sources */ = {isa = PBXBuildFile; fileRef = 55EFA0732BF6E32900631D91 /* CustomView.swift */; };
/* End PBXBuildFile section */

/* Begin PBXFileReference section */
		55EFA0552BF64C5A00631D91 /* iOS_5th_homework.app */ = {isa = PBXFileReference; explicitFileType = wrapper.application; includeInIndex = 0; path = iOS_5th_homework.app; sourceTree = BUILT_PRODUCTS_DIR; };
		55EFA0582BF64C5A00631D91 /* AppDelegate.swift */ = {isa = PBXFileReference; lastKnownFileType = sourcecode.swift; path = AppDelegate.swift; sourceTree = "<group>"; };
		55EFA05A2BF64C5A00631D91 /* SceneDelegate.swift */ = {isa = PBXFileReference; lastKnownFileType = sourcecode.swift; path = SceneDelegate.swift; sourceTree = "<group>"; };
		55EFA05C2BF64C5A00631D91 /* ViewController.swift */ = {isa = PBXFileReference; lastKnownFileType = sourcecode.swift; path = ViewController.swift; sourceTree = "<group>"; };
		55EFA0612BF64C6000631D91 /* Assets.xcassets */ = {isa = PBXFileReference; lastKnownFileType = folder.assetcatalog; path = Assets.xcassets; sourceTree = "<group>"; };
		55EFA0642BF64C6000631D91 /* Base */ = {isa = PBXFileReference; lastKnownFileType = file.storyboard; name = Base; path = Base.lproj/LaunchScreen.storyboard; sourceTree = "<group>"; };
		55EFA0662BF64C6000631D91 /* Info.plist */ = {isa = PBXFileReference; lastKnownFileType = text.plist.xml; path = Info.plist; sourceTree = "<group>"; };
		55EFA0732BF6E32900631D91 /* CustomView.swift */ = {isa = PBXFileReference; lastKnownFileType = sourcecode.swift; path = CustomView.swift; sourceTree = "<group>"; };
		AA786C888A64E67544907B5D /* Pods-iOS_5th_homework.release.xcconfig */ = {isa = PBXFileReference; includeInIndex = 1; lastKnownFileType = text.xcconfig; name = "Pods-iOS_5th_homework.release.xcconfig"; path = "Target Support Files/Pods-iOS_5th_homework/Pods-iOS_5th_homework.release.xcconfig"; sourceTree = "<group>"; };
		B03942BE468BE9902BF06CAD /* Pods_iOS_5th_homework.framework */ = {isa = PBXFileReference; explicitFileType = wrapper.framework; includeInIndex = 0; path = Pods_iOS_5th_homework.framework; sourceTree = BUILT_PRODUCTS_DIR; };
		C85341D081115CAD3EB02E89 /* Pods-iOS_5th_homework.debug.xcconfig */ = {isa = PBXFileReference; includeInIndex = 1; lastKnownFileType = text.xcconfig; name = "Pods-iOS_5th_homework.debug.xcconfig"; path = "Target Support Files/Pods-iOS_5th_homework/Pods-iOS_5th_homework.debug.xcconfig"; sourceTree = "<group>"; };
/* End PBXFileReference section */

/* Begin PBXFrameworksBuildPhase section */
		55EFA0522BF64C5A00631D91 /* Frameworks */ = {
			isa = PBXFrameworksBuildPhase;
			buildActionMask = 2147483647;
			files = (
				372E4B0530DD5E1D9F2ED635 /* Pods_iOS_5th_homework.framework in Frameworks */,
			);
			runOnlyForDeploymentPostprocessing = 0;
		};
/* End PBXFrameworksBuildPhase section */

/* Begin PBXGroup section */
		219A2BE1B594A1C9BC62DE55 /* Frameworks */ = {
			isa = PBXGroup;
			children = (
				B03942BE468BE9902BF06CAD /* Pods_iOS_5th_homework.framework */,
			);
			name = Frameworks;
			sourceTree = "<group>";
		};
		47866B011F284E996407AE31 /* Pods */ = {
			isa = PBXGroup;
			children = (
				C85341D081115CAD3EB02E89 /* Pods-iOS_5th_homework.debug.xcconfig */,
				AA786C888A64E67544907B5D /* Pods-iOS_5th_homework.release.xcconfig */,
			);
			path = Pods;
			sourceTree = "<group>";
		};
		55EFA04C2BF64C5A00631D91 = {
			isa = PBXGroup;
			children = (
				55EFA0572BF64C5A00631D91 /* iOS_5th_homework */,
				55EFA0562BF64C5A00631D91 /* Products */,
				47866B011F284E996407AE31 /* Pods */,
				219A2BE1B594A1C9BC62DE55 /* Frameworks */,
			);
			sourceTree = "<group>";
		};
		55EFA0562BF64C5A00631D91 /* Products */ = {
			isa = PBXGroup;
			children = (
				55EFA0552BF64C5A00631D91 /* iOS_5th_homework.app */,
			);
			name = Products;
			sourceTree = "<group>";
		};
		55EFA0572BF64C5A00631D91 /* iOS_5th_homework */ = {
			isa = PBXGroup;
			children = (
				55EFA0582BF64C5A00631D91 /* AppDelegate.swift */,
				55EFA05A2BF64C5A00631D91 /* SceneDelegate.swift */,
				55EFA05C2BF64C5A00631D91 /* ViewController.swift */,
				55EFA0612BF64C6000631D91 /* Assets.xcassets */,
				55EFA0632BF64C6000631D91 /* LaunchScreen.storyboard */,
				55EFA0662BF64C6000631D91 /* Info.plist */,
				55EFA0732BF6E32900631D91 /* CustomView.swift */,
			);
			path = iOS_5th_homework;
			sourceTree = "<group>";
		};
/* End PBXGroup section */

/* Begin PBXNativeTarget section */
		55EFA0542BF64C5A00631D91 /* iOS_5th_homework */ = {
			isa = PBXNativeTarget;
			buildConfigurationList = 55EFA0692BF64C6000631D91 /* Build configuration list for PBXNativeTarget "iOS_5th_homework" */;
			buildPhases = (
				56F893AB1734C59E39B465D9 /* [CP] Check Pods Manifest.lock */,
				55EFA0512BF64C5A00631D91 /* Sources */,
				55EFA0522BF64C5A00631D91 /* Frameworks */,
				55EFA0532BF64C5A00631D91 /* Resources */,
				02C14F89203D5E790A1A218B /* [CP] Embed Pods Frameworks */,
			);
			buildRules = (
			);
			dependencies = (
			);
			name = iOS_5th_homework;
			packageProductDependencies = (
			);
			productName = iOS_5th_homework;
			productReference = 55EFA0552BF64C5A00631D91 /* iOS_5th_homework.app */;
			productType = "com.apple.product-type.application";
		};
/* End PBXNativeTarget section */

/* Begin PBXProject section */
		55EFA04D2BF64C5A00631D91 /* Project object */ = {
			isa = PBXProject;
			attributes = {
				BuildIndependentTargetsInParallel = 1;
				LastSwiftUpdateCheck = 1530;
				LastUpgradeCheck = 1530;
				TargetAttributes = {
					55EFA0542BF64C5A00631D91 = {
						CreatedOnToolsVersion = 15.3;
					};
				};
			};
			buildConfigurationList = 55EFA0502BF64C5A00631D91 /* Build configuration list for PBXProject "iOS_5th_homework" */;
			compatibilityVersion = "Xcode 14.0";
			developmentRegion = en;
			hasScannedForEncodings = 0;
			knownRegions = (
				en,
				Base,
			);
			mainGroup = 55EFA04C2BF64C5A00631D91;
			packageReferences = (
			);
			productRefGroup = 55EFA0562BF64C5A00631D91 /* Products */;
			projectDirPath = "";
			projectRoot = "";
			targets = (
				55EFA0542BF64C5A00631D91 /* iOS_5th_homework */,
			);
		};
/* End PBXProject section */

/* Begin PBXResourcesBuildPhase section */
		55EFA0532BF64C5A00631D91 /* Resources */ = {
			isa = PBXResourcesBuildPhase;
			buildActionMask = 2147483647;
			files = (
				55EFA0622BF64C6000631D91 /* Assets.xcassets in Resources */,
				55EFA0652BF64C6000631D91 /* Base in Resources */,
			);
			runOnlyForDeploymentPostprocessing = 0;
		};
/* End PBXResourcesBuildPhase section */

/* Begin PBXShellScriptBuildPhase section */
		02C14F89203D5E790A1A218B /* [CP] Embed Pods Frameworks */ = {
			isa = PBXShellScriptBuildPhase;
			buildActionMask = 2147483647;
			files = (
			);
			inputFileListPaths = (
				"${PODS_ROOT}/Target Support Files/Pods-iOS_5th_homework/Pods-iOS_5th_homework-frameworks-${CONFIGURATION}-input-files.xcfilelist",
			);
			name = "[CP] Embed Pods Frameworks";
			outputFileListPaths = (
				"${PODS_ROOT}/Target Support Files/Pods-iOS_5th_homework/Pods-iOS_5th_homework-frameworks-${CONFIGURATION}-output-files.xcfilelist",
			);
			runOnlyForDeploymentPostprocessing = 0;
			shellPath = /bin/sh;
			shellScript = "\"${PODS_ROOT}/Target Support Files/Pods-iOS_5th_homework/Pods-iOS_5th_homework-frameworks.sh\"\n";
			showEnvVarsInLog = 0;
		};
		56F893AB1734C59E39B465D9 /* [CP] Check Pods Manifest.lock */ = {
			isa = PBXShellScriptBuildPhase;
			buildActionMask = 2147483647;
			files = (
			);
			inputFileListPaths = (
			);
			inputPaths = (
				"${PODS_PODFILE_DIR_PATH}/Podfile.lock",
				"${PODS_ROOT}/Manifest.lock",
			);
			name = "[CP] Check Pods Manifest.lock";
			outputFileListPaths = (
			);
			outputPaths = (
				"$(DERIVED_FILE_DIR)/Pods-iOS_5th_homework-checkManifestLockResult.txt",
			);
			runOnlyForDeploymentPostprocessing = 0;
			shellPath = /bin/sh;
			shellScript = "diff \"${PODS_PODFILE_DIR_PATH}/Podfile.lock\" \"${PODS_ROOT}/Manifest.lock\" > /dev/null\nif [ $? != 0 ] ; then\n    # print error to STDERR\n    echo \"error: The sandbox is not in sync with the Podfile.lock. Run 'pod install' or update your CocoaPods installation.\" >&2\n    exit 1\nfi\n# This output is used by Xcode 'outputs' to avoid re-running this script phase.\necho \"SUCCESS\" > \"${SCRIPT_OUTPUT_FILE_0}\"\n";
			showEnvVarsInLog = 0;
		};
/* End PBXShellScriptBuildPhase section */

/* Begin PBXSourcesBuildPhase section */
		55EFA0512BF64C5A00631D91 /* Sources */ = {
			isa = PBXSourcesBuildPhase;
			buildActionMask = 2147483647;
			files = (
				55EFA0742BF6E32900631D91 /* CustomView.swift in Sources */,
				55EFA05D2BF64C5A00631D91 /* ViewController.swift in Sources */,
				55EFA0592BF64C5A00631D91 /* AppDelegate.swift in Sources */,
				55EFA05B2BF64C5A00631D91 /* SceneDelegate.swift in Sources */,
			);
			runOnlyForDeploymentPostprocessing = 0;
		};
/* End PBXSourcesBuildPhase section */

/* Begin PBXVariantGroup section */
		55EFA0632BF64C6000631D91 /* LaunchScreen.storyboard */ = {
			isa = PBXVariantGroup;
			children = (
				55EFA0642BF64C6000631D91 /* Base */,
			);
			name = LaunchScreen.storyboard;
			sourceTree = "<group>";
		};
/* End PBXVariantGroup section */

/* Begin XCBuildConfiguration section */
		55EFA0672BF64C6000631D91 /* Debug */ = {
			isa = XCBuildConfiguration;
			buildSettings = {
				ALWAYS_SEARCH_USER_PATHS = NO;
				ASSETCATALOG_COMPILER_GENERATE_SWIFT_ASSET_SYMBOL_EXTENSIONS = YES;
				CLANG_ANALYZER_NONNULL = YES;
				CLANG_ANALYZER_NUMBER_OBJECT_CONVERSION = YES_AGGRESSIVE;
				CLANG_CXX_LANGUAGE_STANDARD = "gnu++20";
				CLANG_ENABLE_MODULES = YES;
				CLANG_ENABLE_OBJC_ARC = YES;
				CLANG_ENABLE_OBJC_WEAK = YES;
				CLANG_WARN_BLOCK_CAPTURE_AUTORELEASING = YES;
				CLANG_WARN_BOOL_CONVERSION = YES;
				CLANG_WARN_COMMA = YES;
				CLANG_WARN_CONSTANT_CONVERSION = YES;
				CLANG_WARN_DEPRECATED_OBJC_IMPLEMENTATIONS = YES;
				CLANG_WARN_DIRECT_OBJC_ISA_USAGE = YES_ERROR;
				CLANG_WARN_DOCUMENTATION_COMMENTS = YES;
				CLANG_WARN_EMPTY_BODY = YES;
				CLANG_WARN_ENUM_CONVERSION = YES;
				CLANG_WARN_INFINITE_RECURSION = YES;
				CLANG_WARN_INT_CONVERSION = YES;
				CLANG_WARN_NON_LITERAL_NULL_CONVERSION = YES;
				CLANG_WARN_OBJC_IMPLICIT_RETAIN_SELF = YES;
				CLANG_WARN_OBJC_LITERAL_CONVERSION = YES;
				CLANG_WARN_OBJC_ROOT_CLASS = YES_ERROR;
				CLANG_WARN_QUOTED_INCLUDE_IN_FRAMEWORK_HEADER = YES;
				CLANG_WARN_RANGE_LOOP_ANALYSIS = YES;
				CLANG_WARN_STRICT_PROTOTYPES = YES;
				CLANG_WARN_SUSPICIOUS_MOVE = YES;
				CLANG_WARN_UNGUARDED_AVAILABILITY = YES_AGGRESSIVE;
				CLANG_WARN_UNREACHABLE_CODE = YES;
				CLANG_WARN__DUPLICATE_METHOD_MATCH = YES;
				COPY_PHASE_STRIP = NO;
				DEBUG_INFORMATION_FORMAT = dwarf;
				ENABLE_STRICT_OBJC_MSGSEND = YES;
				ENABLE_TESTABILITY = YES;
				ENABLE_USER_SCRIPT_SANDBOXING = NO;
				GCC_C_LANGUAGE_STANDARD = gnu17;
				GCC_DYNAMIC_NO_PIC = NO;
				GCC_NO_COMMON_BLOCKS = YES;
				GCC_OPTIMIZATION_LEVEL = 0;
				GCC_PREPROCESSOR_DEFINITIONS = (
					"DEBUG=1",
					"$(inherited)",
				);
				GCC_WARN_64_TO_32_BIT_CONVERSION = YES;
				GCC_WARN_ABOUT_RETURN_TYPE = YES_ERROR;
				GCC_WARN_UNDECLARED_SELECTOR = YES;
				GCC_WARN_UNINITIALIZED_AUTOS = YES_AGGRESSIVE;
				GCC_WARN_UNUSED_FUNCTION = YES;
				GCC_WARN_UNUSED_VARIABLE = YES;
				IPHONEOS_DEPLOYMENT_TARGET = 17.4;
				LOCALIZATION_PREFERS_STRING_CATALOGS = YES;
				MTL_ENABLE_DEBUG_INFO = INCLUDE_SOURCE;
				MTL_FAST_MATH = YES;
				ONLY_ACTIVE_ARCH = YES;
				SDKROOT = iphoneos;
				SWIFT_ACTIVE_COMPILATION_CONDITIONS = "DEBUG $(inherited)";
				SWIFT_OPTIMIZATION_LEVEL = "-Onone";
			};
			name = Debug;
		};
		55EFA0682BF64C6000631D91 /* Release */ = {
			isa = XCBuildConfiguration;
			buildSettings = {
				ALWAYS_SEARCH_USER_PATHS = NO;
				ASSETCATALOG_COMPILER_GENERATE_SWIFT_ASSET_SYMBOL_EXTENSIONS = YES;
				CLANG_ANALYZER_NONNULL = YES;
				CLANG_ANALYZER_NUMBER_OBJECT_CONVERSION = YES_AGGRESSIVE;
				CLANG_CXX_LANGUAGE_STANDARD = "gnu++20";
				CLANG_ENABLE_MODULES = YES;
				CLANG_ENABLE_OBJC_ARC = YES;
				CLANG_ENABLE_OBJC_WEAK = YES;
				CLANG_WARN_BLOCK_CAPTURE_AUTORELEASING = YES;
				CLANG_WARN_BOOL_CONVERSION = YES;
				CLANG_WARN_COMMA = YES;
				CLANG_WARN_CONSTANT_CONVERSION = YES;
				CLANG_WARN_DEPRECATED_OBJC_IMPLEMENTATIONS = YES;
				CLANG_WARN_DIRECT_OBJC_ISA_USAGE = YES_ERROR;
				CLANG_WARN_DOCUMENTATION_COMMENTS = YES;
				CLANG_WARN_EMPTY_BODY = YES;
				CLANG_WARN_ENUM_CONVERSION = YES;
				CLANG_WARN_INFINITE_RECURSION = YES;
				CLANG_WARN_INT_CONVERSION = YES;
				CLANG_WARN_NON_LITERAL_NULL_CONVERSION = YES;
				CLANG_WARN_OBJC_IMPLICIT_RETAIN_SELF = YES;
				CLANG_WARN_OBJC_LITERAL_CONVERSION = YES;
				CLANG_WARN_OBJC_ROOT_CLASS = YES_ERROR;
				CLANG_WARN_QUOTED_INCLUDE_IN_FRAMEWORK_HEADER = YES;
				CLANG_WARN_RANGE_LOOP_ANALYSIS = YES;
				CLANG_WARN_STRICT_PROTOTYPES = YES;
				CLANG_WARN_SUSPICIOUS_MOVE = YES;
				CLANG_WARN_UNGUARDED_AVAILABILITY = YES_AGGRESSIVE;
				CLANG_WARN_UNREACHABLE_CODE = YES;
				CLANG_WARN__DUPLICATE_METHOD_MATCH = YES;
				COPY_PHASE_STRIP = NO;
				DEBUG_INFORMATION_FORMAT = "dwarf-with-dsym";
				ENABLE_NS_ASSERTIONS = NO;
				ENABLE_STRICT_OBJC_MSGSEND = YES;
				ENABLE_USER_SCRIPT_SANDBOXING = NO;
				GCC_C_LANGUAGE_STANDARD = gnu17;
				GCC_NO_COMMON_BLOCKS = YES;
				GCC_WARN_64_TO_32_BIT_CONVERSION = YES;
				GCC_WARN_ABOUT_RETURN_TYPE = YES_ERROR;
				GCC_WARN_UNDECLARED_SELECTOR = YES;
				GCC_WARN_UNINITIALIZED_AUTOS = YES_AGGRESSIVE;
				GCC_WARN_UNUSED_FUNCTION = YES;
				GCC_WARN_UNUSED_VARIABLE = YES;
				IPHONEOS_DEPLOYMENT_TARGET = 17.4;
				LOCALIZATION_PREFERS_STRING_CATALOGS = YES;
				MTL_ENABLE_DEBUG_INFO = NO;
				MTL_FAST_MATH = YES;
				SDKROOT = iphoneos;
				SWIFT_COMPILATION_MODE = wholemodule;
				VALIDATE_PRODUCT = YES;
			};
			name = Release;
		};
		55EFA06A2BF64C6000631D91 /* Debug */ = {
			isa = XCBuildConfiguration;
			baseConfigurationReference = C85341D081115CAD3EB02E89 /* Pods-iOS_5th_homework.debug.xcconfig */;
			buildSettings = {
				ASSETCATALOG_COMPILER_APPICON_NAME = AppIcon;
				ASSETCATALOG_COMPILER_GLOBAL_ACCENT_COLOR_NAME = AccentColor;
				CODE_SIGN_STYLE = Automatic;
				CURRENT_PROJECT_VERSION = 1;
				GENERATE_INFOPLIST_FILE = YES;
				INFOPLIST_FILE = iOS_5th_homework/Info.plist;
				INFOPLIST_KEY_UIApplicationSupportsIndirectInputEvents = YES;
				INFOPLIST_KEY_UILaunchStoryboardName = LaunchScreen;
				INFOPLIST_KEY_UISupportedInterfaceOrientations_iPad = "UIInterfaceOrientationPortrait UIInterfaceOrientationPortraitUpsideDown UIInterfaceOrientationLandscapeLeft UIInterfaceOrientationLandscapeRight";
				INFOPLIST_KEY_UISupportedInterfaceOrientations_iPhone = "UIInterfaceOrientationPortrait UIInterfaceOrientationLandscapeLeft UIInterfaceOrientationLandscapeRight";
				LD_RUNPATH_SEARCH_PATHS = (
					"$(inherited)",
					"@executable_path/Frameworks",
				);
				MARKETING_VERSION = 1.0;
				PRODUCT_BUNDLE_IDENTIFIER = "sokft.iOS-5th-homework";
				PRODUCT_NAME = "$(TARGET_NAME)";
				SWIFT_EMIT_LOC_STRINGS = YES;
				SWIFT_VERSION = 5.0;
				TARGETED_DEVICE_FAMILY = "1,2";
			};
			name = Debug;
		};
		55EFA06B2BF64C6000631D91 /* Release */ = {
			isa = XCBuildConfiguration;
			baseConfigurationReference = AA786C888A64E67544907B5D /* Pods-iOS_5th_homework.release.xcconfig */;
			buildSettings = {
				ASSETCATALOG_COMPILER_APPICON_NAME = AppIcon;
				ASSETCATALOG_COMPILER_GLOBAL_ACCENT_COLOR_NAME = AccentColor;
				CODE_SIGN_STYLE = Automatic;
				CURRENT_PROJECT_VERSION = 1;
				GENERATE_INFOPLIST_FILE = YES;
				INFOPLIST_FILE = iOS_5th_homework/Info.plist;
				INFOPLIST_KEY_UIApplicationSupportsIndirectInputEvents = YES;
				INFOPLIST_KEY_UILaunchStoryboardName = LaunchScreen;
				INFOPLIST_KEY_UISupportedInterfaceOrientations_iPad = "UIInterfaceOrientationPortrait UIInterfaceOrientationPortraitUpsideDown UIInterfaceOrientationLandscapeLeft UIInterfaceOrientationLandscapeRight";
				INFOPLIST_KEY_UISupportedInterfaceOrientations_iPhone = "UIInterfaceOrientationPortrait UIInterfaceOrientationLandscapeLeft UIInterfaceOrientationLandscapeRight";
				LD_RUNPATH_SEARCH_PATHS = (
					"$(inherited)",
					"@executable_path/Frameworks",
				);
				MARKETING_VERSION = 1.0;
				PRODUCT_BUNDLE_IDENTIFIER = "sokft.iOS-5th-homework";
				PRODUCT_NAME = "$(TARGET_NAME)";
				SWIFT_EMIT_LOC_STRINGS = YES;
				SWIFT_VERSION = 5.0;
				TARGETED_DEVICE_FAMILY = "1,2";
			};
			name = Release;
		};
/* End XCBuildConfiguration section */

/* Begin XCConfigurationList section */
		55EFA0502BF64C5A00631D91 /* Build configuration list for PBXProject "iOS_5th_homework" */ = {
			isa = XCConfigurationList;
			buildConfigurations = (
				55EFA0672BF64C6000631D91 /* Debug */,
				55EFA0682BF64C6000631D91 /* Release */,
			);
			defaultConfigurationIsVisible = 0;
			defaultConfigurationName = Release;
		};
		55EFA0692BF64C6000631D91 /* Build configuration list for PBXNativeTarget "iOS_5th_homework" */ = {
			isa = XCConfigurationList;
			buildConfigurations = (
				55EFA06A2BF64C6000631D91 /* Debug */,
				55EFA06B2BF64C6000631D91 /* Release */,
			);
			defaultConfigurationIsVisible = 0;
			defaultConfigurationName = Release;
		};
/* End XCConfigurationList section */
	};
	rootObject = 55EFA04D2BF64C5A00631D91 /* Project object */;
}
